
Microsoft Visual Studio Solution File, Format Version 12.00
# Visual Studio Version 17
VisualStudioVersion = 17.8.34525.116
MinimumVisualStudioVersion = 10.0.40219.1
Project("{888888A0-9F3D-457C-B088-3A5042F75D52}") = "whoisLookup", "whoisLookup\whoisLookup.pyproj", "{52DF1EEE-FD92-4ED7-9FA0-A5E4A57FECF6}"
EndProject
Global
	GlobalSection(SolutionConfigurationPlatforms) = preSolution
		Debug|Any CPU = Debug|Any CPU
		Release|Any CPU = Release|Any CPU
	EndGlobalSection
	GlobalSection(ProjectConfigurationPlatforms) = postSolution
		{52DF1EEE-FD92-4ED7-9FA0-A5E4A57FECF6}.Debug|Any CPU.ActiveCfg = Debug|Any CPU
		{52DF1EEE-FD92-4ED7-9FA0-A5E4A57FECF6}.Release|Any CPU.ActiveCfg = Release|Any CPU
	EndGlobalSection
	GlobalSection(SolutionProperties) = preSolution
		HideSolutionNode = FALSE
	EndGlobalSection
	GlobalSection(ExtensibilityGlobals) = postSolution
		SolutionGuid = {3C0D6597-1523-4739-8A01-E46BED11902A}
	EndGlobalSection
EndGlobal
